
Microsoft Visual Studio Solution File, Format Version 12.00
# Visual Studio Version 17
VisualStudioVersion = 17.5.33627.172
MinimumVisualStudioVersion = 10.0.40219.1
Project("{9A19103F-16F7-4668-BE54-9A1E7A4F7556}") = "TelegramBot", "TelegramBot.csproj", "{F0F66A8C-EF69-4E3D-8287-FEC8B34C1380}"
EndProject
Project("{9A19103F-16F7-4668-BE54-9A1E7A4F7556}") = "AWS.DB.Bot", "..\AWS.DynamoDB.Bot\AWS.DB.Bot.csproj", "{5CE390EE-C959-494F-9D91-2CB70ABD1B40}"
EndProject
Project("{9A19103F-16F7-4668-BE54-9A1E7A4F7556}") = "MusicAPI", "..\MusicAPI\MusicAPI.csproj", "{4BF1FEB7-D415-4ABE-9E91-4381DE62BA03}"
EndProject
Global
	GlobalSection(SolutionConfigurationPlatforms) = preSolution
		Debug|Any CPU = Debug|Any CPU
		Release|Any CPU = Release|Any CPU
	EndGlobalSection
	GlobalSection(ProjectConfigurationPlatforms) = postSolution
		{F0F66A8C-EF69-4E3D-8287-FEC8B34C1380}.Debug|Any CPU.ActiveCfg = Debug|Any CPU
		{F0F66A8C-EF69-4E3D-8287-FEC8B34C1380}.Debug|Any CPU.Build.0 = Debug|Any CPU
		{F0F66A8C-EF69-4E3D-8287-FEC8B34C1380}.Release|Any CPU.ActiveCfg = Release|Any CPU
		{F0F66A8C-EF69-4E3D-8287-FEC8B34C1380}.Release|Any CPU.Build.0 = Release|Any CPU
		{5CE390EE-C959-494F-9D91-2CB70ABD1B40}.Debug|Any CPU.ActiveCfg = Debug|Any CPU
		{5CE390EE-C959-494F-9D91-2CB70ABD1B40}.Debug|Any CPU.Build.0 = Debug|Any CPU
		{5CE390EE-C959-494F-9D91-2CB70ABD1B40}.Release|Any CPU.ActiveCfg = Release|Any CPU
		{5CE390EE-C959-494F-9D91-2CB70ABD1B40}.Release|Any CPU.Build.0 = Release|Any CPU
		{4BF1FEB7-D415-4ABE-9E91-4381DE62BA03}.Debug|Any CPU.ActiveCfg = Debug|Any CPU
		{4BF1FEB7-D415-4ABE-9E91-4381DE62BA03}.Debug|Any CPU.Build.0 = Debug|Any CPU
		{4BF1FEB7-D415-4ABE-9E91-4381DE62BA03}.Release|Any CPU.ActiveCfg = Release|Any CPU
		{4BF1FEB7-D415-4ABE-9E91-4381DE62BA03}.Release|Any CPU.Build.0 = Release|Any CPU
	EndGlobalSection
	GlobalSection(SolutionProperties) = preSolution
		HideSolutionNode = FALSE
	EndGlobalSection
	GlobalSection(ExtensibilityGlobals) = postSolution
		SolutionGuid = {B6394B3D-6DA4-4DCC-86B3-048BDFA2781E}
	EndGlobalSection
EndGlobal
